// !$*UTF8*$!
{
	archiveVersion = 1;
	classes = {
	};
	objectVersion = 46;
	objects = {

/* Begin PBXBuildFile section */
		0A478D8D1DDC0A7E00D5437B /* AppDelegate.swift in Sources */ = {isa = PBXBuildFile; fileRef = 0A478D8C1DDC0A7E00D5437B /* AppDelegate.swift */; };
		0A478D8F1DDC0A7E00D5437B /* ViewController.swift in Sources */ = {isa = PBXBuildFile; fileRef = 0A478D8E1DDC0A7E00D5437B /* ViewController.swift */; };
		0A478D921DDC0A7E00D5437B /* Main.storyboard in Resources */ = {isa = PBXBuildFile; fileRef = 0A478D901DDC0A7E00D5437B /* Main.storyboard */; };
		0A478D941DDC0A7E00D5437B /* Assets.xcassets in Resources */ = {isa = PBXBuildFile; fileRef = 0A478D931DDC0A7E00D5437B /* Assets.xcassets */; };
		0A478D971DDC0A7E00D5437B /* LaunchScreen.storyboard in Resources */ = {isa = PBXBuildFile; fileRef = 0A478D951DDC0A7E00D5437B /* LaunchScreen.storyboard */; };
		0A478DA11DDC0EA100D5437B /* Cell.swift in Sources */ = {isa = PBXBuildFile; fileRef = 0A478DA01DDC0EA100D5437B /* Cell.swift */; };
		0A478DA71DDC13F600D5437B /* DataSource.swift in Sources */ = {isa = PBXBuildFile; fileRef = 0A478DA61DDC13F600D5437B /* DataSource.swift */; };
		0A478DAB1DDC14D300D5437B /* Data.swift in Sources */ = {isa = PBXBuildFile; fileRef = 0A478DAA1DDC14D300D5437B /* Data.swift */; };
		0A478DAD1DDC16A500D5437B /* Details.swift in Sources */ = {isa = PBXBuildFile; fileRef = 0A478DAC1DDC16A500D5437B /* Details.swift */; };
		0A478DAF1DDC1B0E00D5437B /* GoogleService-Info.plist in Resources */ = {isa = PBXBuildFile; fileRef = 0A478DAE1DDC1B0E00D5437B /* GoogleService-Info.plist */; };
		0F56C7D85C9BA2F0C58B5B95 /* Pods_Example2.framework in Frameworks */ = {isa = PBXBuildFile; fileRef = AC635510DCDDF2862A78899A /* Pods_Example2.framework */; };
/* End PBXBuildFile section */

/* Begin PBXFileReference section */
		0A478D891DDC0A7E00D5437B /* Example2.app */ = {isa = PBXFileReference; explicitFileType = wrapper.application; includeInIndex = 0; path = Example2.app; sourceTree = BUILT_PRODUCTS_DIR; };
		0A478D8C1DDC0A7E00D5437B /* AppDelegate.swift */ = {isa = PBXFileReference; lastKnownFileType = sourcecode.swift; path = AppDelegate.swift; sourceTree = "<group>"; };
		0A478D8E1DDC0A7E00D5437B /* ViewController.swift */ = {isa = PBXFileReference; lastKnownFileType = sourcecode.swift; path = ViewController.swift; sourceTree = "<group>"; };
		0A478D911DDC0A7E00D5437B /* Base */ = {isa = PBXFileReference; lastKnownFileType = file.storyboard; name = Base; path = Base.lproj/Main.storyboard; sourceTree = "<group>"; };
		0A478D931DDC0A7E00D5437B /* Assets.xcassets */ = {isa = PBXFileReference; lastKnownFileType = folder.assetcatalog; path = Assets.xcassets; sourceTree = "<group>"; };
		0A478D961DDC0A7E00D5437B /* Base */ = {isa = PBXFileReference; lastKnownFileType = file.storyboard; name = Base; path = Base.lproj/LaunchScreen.storyboard; sourceTree = "<group>"; };
		0A478D981DDC0A7E00D5437B /* Info.plist */ = {isa = PBXFileReference; lastKnownFileType = text.plist.xml; path = Info.plist; sourceTree = "<group>"; };
		0A478DA01DDC0EA100D5437B /* Cell.swift */ = {isa = PBXFileReference; fileEncoding = 4; lastKnownFileType = sourcecode.swift; path = Cell.swift; sourceTree = "<group>"; };
		0A478DA61DDC13F600D5437B /* DataSource.swift */ = {isa = PBXFileReference; fileEncoding = 4; lastKnownFileType = sourcecode.swift; path = DataSource.swift; sourceTree = "<group>"; };
		0A478DAA1DDC14D300D5437B /* Data.swift */ = {isa = PBXFileReference; fileEncoding = 4; lastKnownFileType = sourcecode.swift; path = Data.swift; sourceTree = "<group>"; };
		0A478DAC1DDC16A500D5437B /* Details.swift */ = {isa = PBXFileReference; fileEncoding = 4; lastKnownFileType = sourcecode.swift; path = Details.swift; sourceTree = "<group>"; };
		0A478DAE1DDC1B0E00D5437B /* GoogleService-Info.plist */ = {isa = PBXFileReference; fileEncoding = 4; lastKnownFileType = text.plist.xml; path = "GoogleService-Info.plist"; sourceTree = "<group>"; };
		8793CDE3233F574167A54897 /* Pods-Example2.release.xcconfig */ = {isa = PBXFileReference; includeInIndex = 1; lastKnownFileType = text.xcconfig; name = "Pods-Example2.release.xcconfig"; path = "Pods/Target Support Files/Pods-Example2/Pods-Example2.release.xcconfig"; sourceTree = "<group>"; };
		AC635510DCDDF2862A78899A /* Pods_Example2.framework */ = {isa = PBXFileReference; explicitFileType = wrapper.framework; includeInIndex = 0; path = Pods_Example2.framework; sourceTree = BUILT_PRODUCTS_DIR; };
		B4C3AFC6ADDC5C2537D8D579 /* Pods-Example2.debug.xcconfig */ = {isa = PBXFileReference; includeInIndex = 1; lastKnownFileType = text.xcconfig; name = "Pods-Example2.debug.xcconfig"; path = "Pods/Target Support Files/Pods-Example2/Pods-Example2.debug.xcconfig"; sourceTree = "<group>"; };
/* End PBXFileReference section */

/* Begin PBXFrameworksBuildPhase section */
		0A478D861DDC0A7E00D5437B /* Frameworks */ = {
			isa = PBXFrameworksBuildPhase;
			buildActionMask = 2147483647;
			files = (
				0F56C7D85C9BA2F0C58B5B95 /* Pods_Example2.framework in Frameworks */,
			);
			runOnlyForDeploymentPostprocessing = 0;
		};
/* End PBXFrameworksBuildPhase section */

/* Begin PBXGroup section */
		0A478D801DDC0A7E00D5437B = {
			isa = PBXGroup;
			children = (
				0A478D8B1DDC0A7E00D5437B /* Example2 */,
				0A478D8A1DDC0A7E00D5437B /* Products */,
				329C1A6488D2EE77AEE3B5DB /* Pods */,
				85F433E50088A8450DEE94AD /* Frameworks */,
			);
			sourceTree = "<group>";
		};
		0A478D8A1DDC0A7E00D5437B /* Products */ = {
			isa = PBXGroup;
			children = (
				0A478D891DDC0A7E00D5437B /* Example2.app */,
			);
			name = Products;
			sourceTree = "<group>";
		};
		0A478D8B1DDC0A7E00D5437B /* Example2 */ = {
			isa = PBXGroup;
			children = (
				0A478DA31DDC12C600D5437B /* View */,
				0A478DA41DDC12DD00D5437B /* ViewModel */,
				0A478DA51DDC12E900D5437B /* Controller */,
				0A478DA21DDC12B000D5437B /* Model */,
				0A478DA81DDC143600D5437B /* App */,
				0A478DA91DDC144B00D5437B /* Resources */,
			);
			path = Example2;
			sourceTree = "<group>";
		};
		0A478DA21DDC12B000D5437B /* Model */ = {
			isa = PBXGroup;
			children = (
				0A478DAC1DDC16A500D5437B /* Details.swift */,
			);
			name = Model;
			sourceTree = "<group>";
		};
		0A478DA31DDC12C600D5437B /* View */ = {
			isa = PBXGroup;
			children = (
				0A478DA01DDC0EA100D5437B /* Cell.swift */,
				0A478D8E1DDC0A7E00D5437B /* ViewController.swift */,
			);
			name = View;
			sourceTree = "<group>";
		};
		0A478DA41DDC12DD00D5437B /* ViewModel */ = {
			isa = PBXGroup;
			children = (
				0A478DA61DDC13F600D5437B /* DataSource.swift */,
			);
			name = ViewModel;
			sourceTree = "<group>";
		};
		0A478DA51DDC12E900D5437B /* Controller */ = {
			isa = PBXGroup;
			children = (
				0A478DAA1DDC14D300D5437B /* Data.swift */,
			);
			name = Controller;
			sourceTree = "<group>";
		};
		0A478DA81DDC143600D5437B /* App */ = {
			isa = PBXGroup;
			children = (
				0A478D8C1DDC0A7E00D5437B /* AppDelegate.swift */,
			);
			name = App;
			sourceTree = "<group>";
		};
		0A478DA91DDC144B00D5437B /* Resources */ = {
			isa = PBXGroup;
			children = (
				0A478DAE1DDC1B0E00D5437B /* GoogleService-Info.plist */,
				0A478D951DDC0A7E00D5437B /* LaunchScreen.storyboard */,
				0A478D981DDC0A7E00D5437B /* Info.plist */,
				0A478D901DDC0A7E00D5437B /* Main.storyboard */,
				0A478D931DDC0A7E00D5437B /* Assets.xcassets */,
			);
			name = Resources;
			sourceTree = "<group>";
		};
		329C1A6488D2EE77AEE3B5DB /* Pods */ = {
			isa = PBXGroup;
			children = (
				B4C3AFC6ADDC5C2537D8D579 /* Pods-Example2.debug.xcconfig */,
				8793CDE3233F574167A54897 /* Pods-Example2.release.xcconfig */,
			);
			name = Pods;
			sourceTree = "<group>";
		};
		85F433E50088A8450DEE94AD /* Frameworks */ = {
			isa = PBXGroup;
			children = (
				AC635510DCDDF2862A78899A /* Pods_Example2.framework */,
			);
			name = Frameworks;
			sourceTree = "<group>";
		};
/* End PBXGroup section */

/* Begin PBXNativeTarget section */
		0A478D881DDC0A7E00D5437B /* Example2 */ = {
			isa = PBXNativeTarget;
			buildConfigurationList = 0A478D9B1DDC0A7E00D5437B /* Build configuration list for PBXNativeTarget "Example2" */;
			buildPhases = (
				CD2634D491C6F93FF01D1C05 /* [CP] Check Pods Manifest.lock */,
				0A478D851DDC0A7E00D5437B /* Sources */,
				0A478D861DDC0A7E00D5437B /* Frameworks */,
				0A478D871DDC0A7E00D5437B /* Resources */,
				D290D637C28431F1FD3A8A7B /* [CP] Embed Pods Frameworks */,
				118EDC3DECA8167AA156C4F8 /* [CP] Copy Pods Resources */,
			);
			buildRules = (
			);
			dependencies = (
			);
			name = Example2;
			productName = Example2;
			productReference = 0A478D891DDC0A7E00D5437B /* Example2.app */;
			productType = "com.apple.product-type.application";
		};
/* End PBXNativeTarget section */

/* Begin PBXProject section */
		0A478D811DDC0A7E00D5437B /* Project object */ = {
			isa = PBXProject;
			attributes = {
				LastSwiftUpdateCheck = 0810;
				LastUpgradeCheck = 0810;
				ORGANIZATIONNAME = "BridgeLabz Solutions LLP";
				TargetAttributes = {
					0A478D881DDC0A7E00D5437B = {
						CreatedOnToolsVersion = 8.1;
						ProvisioningStyle = Automatic;
					};
				};
			};
			buildConfigurationList = 0A478D841DDC0A7E00D5437B /* Build configuration list for PBXProject "Example2" */;
			compatibilityVersion = "Xcode 3.2";
			developmentRegion = English;
			hasScannedForEncodings = 0;
			knownRegions = (
				en,
				Base,
			);
			mainGroup = 0A478D801DDC0A7E00D5437B;
			productRefGroup = 0A478D8A1DDC0A7E00D5437B /* Products */;
			projectDirPath = "";
			projectRoot = "";
			targets = (
				0A478D881DDC0A7E00D5437B /* Example2 */,
			);
		};
/* End PBXProject section */

/* Begin PBXResourcesBuildPhase section */
		0A478D871DDC0A7E00D5437B /* Resources */ = {
			isa = PBXResourcesBuildPhase;
			buildActionMask = 2147483647;
			files = (
				0A478D971DDC0A7E00D5437B /* LaunchScreen.storyboard in Resources */,
				0A478D941DDC0A7E00D5437B /* Assets.xcassets in Resources */,
				0A478D921DDC0A7E00D5437B /* Main.storyboard in Resources */,
				0A478DAF1DDC1B0E00D5437B /* GoogleService-Info.plist in Resources */,
			);
			runOnlyForDeploymentPostprocessing = 0;
		};
/* End PBXResourcesBuildPhase section */

/* Begin PBXShellScriptBuildPhase section */
		118EDC3DECA8167AA156C4F8 /* [CP] Copy Pods Resources */ = {
			isa = PBXShellScriptBuildPhase;
			buildActionMask = 2147483647;
			files = (
			);
			inputPaths = (
			);
			name = "[CP] Copy Pods Resources";
			outputPaths = (
			);
			runOnlyForDeploymentPostprocessing = 0;
			shellPath = /bin/sh;
			shellScript = "\"${SRCROOT}/Pods/Target Support Files/Pods-Example2/Pods-Example2-resources.sh\"\n";
			showEnvVarsInLog = 0;
		};
		CD2634D491C6F93FF01D1C05 /* [CP] Check Pods Manifest.lock */ = {
			isa = PBXShellScriptBuildPhase;
			buildActionMask = 2147483647;
			files = (
			);
			inputPaths = (
			);
			name = "[CP] Check Pods Manifest.lock";
			outputPaths = (
			);
			runOnlyForDeploymentPostprocessing = 0;
			shellPath = /bin/sh;
			shellScript = "diff \"${PODS_ROOT}/../Podfile.lock\" \"${PODS_ROOT}/Manifest.lock\" > /dev/null\nif [ $? != 0 ] ; then\n    # print error to STDERR\n    echo \"error: The sandbox is not in sync with the Podfile.lock. Run 'pod install' or update your CocoaPods installation.\" >&2\n    exit 1\nfi\n";
			showEnvVarsInLog = 0;
		};
		D290D637C28431F1FD3A8A7B /* [CP] Embed Pods Frameworks */ = {
			isa = PBXShellScriptBuildPhase;
			buildActionMask = 2147483647;
			files = (
			);
			inputPaths = (
			);
			name = "[CP] Embed Pods Frameworks";
			outputPaths = (
			);
			runOnlyForDeploymentPostprocessing = 0;
			shellPath = /bin/sh;
			shellScript = "\"${SRCROOT}/Pods/Target Support Files/Pods-Example2/Pods-Example2-frameworks.sh\"\n";
			showEnvVarsInLog = 0;
		};
/* End PBXShellScriptBuildPhase section */

/* Begin PBXSourcesBuildPhase section */
		0A478D851DDC0A7E00D5437B /* Sources */ = {
			isa = PBXSourcesBuildPhase;
			buildActionMask = 2147483647;
			files = (
				0A478D8F1DDC0A7E00D5437B /* ViewController.swift in Sources */,
				0A478DAB1DDC14D300D5437B /* Data.swift in Sources */,
				0A478DAD1DDC16A500D5437B /* Details.swift in Sources */,
				0A478D8D1DDC0A7E00D5437B /* AppDelegate.swift in Sources */,
				0A478DA71DDC13F600D5437B /* DataSource.swift in Sources */,
				0A478DA11DDC0EA100D5437B /* Cell.swift in Sources */,
			);
			runOnlyForDeploymentPostprocessing = 0;
		};
/* End PBXSourcesBuildPhase section */

/* Begin PBXVariantGroup section */
		0A478D901DDC0A7E00D5437B /* Main.storyboard */ = {
			isa = PBXVariantGroup;
			children = (
				0A478D911DDC0A7E00D5437B /* Base */,
			);
			name = Main.storyboard;
			sourceTree = "<group>";
		};
		0A478D951DDC0A7E00D5437B /* LaunchScreen.storyboard */ = {
			isa = PBXVariantGroup;
			children = (
				0A478D961DDC0A7E00D5437B /* Base */,
			);
			name = LaunchScreen.storyboard;
			sourceTree = "<group>";
		};
/* End PBXVariantGroup section */

/* Begin XCBuildConfiguration section */
		0A478D991DDC0A7E00D5437B /* Debug */ = {
			isa = XCBuildConfiguration;
			buildSettings = {
				ALWAYS_SEARCH_USER_PATHS = NO;
				CLANG_ANALYZER_NONNULL = YES;
				CLANG_CXX_LANGUAGE_STANDARD = "gnu++0x";
				CLANG_CXX_LIBRARY = "libc++";
				CLANG_ENABLE_MODULES = YES;
				CLANG_ENABLE_OBJC_ARC = YES;
				CLANG_WARN_BOOL_CONVERSION = YES;
				CLANG_WARN_CONSTANT_CONVERSION = YES;
				CLANG_WARN_DIRECT_OBJC_ISA_USAGE = YES_ERROR;
				CLANG_WARN_DOCUMENTATION_COMMENTS = YES;
				CLANG_WARN_EMPTY_BODY = YES;
				CLANG_WARN_ENUM_CONVERSION = YES;
				CLANG_WARN_INFINITE_RECURSION = YES;
				CLANG_WARN_INT_CONVERSION = YES;
				CLANG_WARN_OBJC_ROOT_CLASS = YES_ERROR;
				CLANG_WARN_SUSPICIOUS_MOVES = YES;
				CLANG_WARN_UNREACHABLE_CODE = YES;
				CLANG_WARN__DUPLICATE_METHOD_MATCH = YES;
				"CODE_SIGN_IDENTITY[sdk=iphoneos*]" = "iPhone Developer";
				COPY_PHASE_STRIP = NO;
				DEBUG_INFORMATION_FORMAT = dwarf;
				ENABLE_STRICT_OBJC_MSGSEND = YES;
				ENABLE_TESTABILITY = YES;
				GCC_C_LANGUAGE_STANDARD = gnu99;
				GCC_DYNAMIC_NO_PIC = NO;
				GCC_NO_COMMON_BLOCKS = YES;
				GCC_OPTIMIZATION_LEVEL = 0;
				GCC_PREPROCESSOR_DEFINITIONS = (
					"DEBUG=1",
					"$(inherited)",
				);
				GCC_WARN_64_TO_32_BIT_CONVERSION = YES;
				GCC_WARN_ABOUT_RETURN_TYPE = YES_ERROR;
				GCC_WARN_UNDECLARED_SELECTOR = YES;
				GCC_WARN_UNINITIALIZED_AUTOS = YES_AGGRESSIVE;
				GCC_WARN_UNUSED_FUNCTION = YES;
				GCC_WARN_UNUSED_VARIABLE = YES;
				IPHONEOS_DEPLOYMENT_TARGET = 10.1;
				MTL_ENABLE_DEBUG_INFO = YES;
				ONLY_ACTIVE_ARCH = YES;
				SDKROOT = iphoneos;
				SWIFT_ACTIVE_COMPILATION_CONDITIONS = DEBUG;
				SWIFT_OPTIMIZATION_LEVEL = "-Onone";
				TARGETED_DEVICE_FAMILY = "1,2";
			};
			name = Debug;
		};
		0A478D9A1DDC0A7E00D5437B /* Release */ = {
			isa = XCBuildConfiguration;
			buildSettings = {
				ALWAYS_SEARCH_USER_PATHS = NO;
				CLANG_ANALYZER_NONNULL = YES;
				CLANG_CXX_LANGUAGE_STANDARD = "gnu++0x";
				CLANG_CXX_LIBRARY = "libc++";
				CLANG_ENABLE_MODULES = YES;
				CLANG_ENABLE_OBJC_ARC = YES;
				CLANG_WARN_BOOL_CONVERSION = YES;
				CLANG_WARN_CONSTANT_CONVERSION = YES;
				CLANG_WARN_DIRECT_OBJC_ISA_USAGE = YES_ERROR;
				CLANG_WARN_DOCUMENTATION_COMMENTS = YES;
				CLANG_WARN_EMPTY_BODY = YES;
				CLANG_WARN_ENUM_CONVERSION = YES;
				CLANG_WARN_INFINITE_RECURSION = YES;
				CLANG_WARN_INT_CONVERSION = YES;
				CLANG_WARN_OBJC_ROOT_CLASS = YES_ERROR;
				CLANG_WARN_SUSPICIOUS_MOVES = YES;
				CLANG_WARN_UNREACHABLE_CODE = YES;
				CLANG_WARN__DUPLICATE_METHOD_MATCH = YES;
				"CODE_SIGN_IDENTITY[sdk=iphoneos*]" = "iPhone Developer";
				COPY_PHASE_STRIP = NO;
				DEBUG_INFORMATION_FORMAT = "dwarf-with-dsym";
				ENABLE_NS_ASSERTIONS = NO;
				ENABLE_STRICT_OBJC_MSGSEND = YES;
				GCC_C_LANGUAGE_STANDARD = gnu99;
				GCC_NO_COMMON_BLOCKS = YES;
				GCC_WARN_64_TO_32_BIT_CONVERSION = YES;
				GCC_WARN_ABOUT_RETURN_TYPE = YES_ERROR;
				GCC_WARN_UNDECLARED_SELECTOR = YES;
				GCC_WARN_UNINITIALIZED_AUTOS = YES_AGGRESSIVE;
				GCC_WARN_UNUSED_FUNCTION = YES;
				GCC_WARN_UNUSED_VARIABLE = YES;
				IPHONEOS_DEPLOYMENT_TARGET = 10.1;
				MTL_ENABLE_DEBUG_INFO = NO;
				SDKROOT = iphoneos;
				SWIFT_OPTIMIZATION_LEVEL = "-Owholemodule";
				TARGETED_DEVICE_FAMILY = "1,2";
				VALIDATE_PRODUCT = YES;
			};
			name = Release;
		};
		0A478D9C1DDC0A7E00D5437B /* Debug */ = {
			isa = XCBuildConfiguration;
			baseConfigurationReference = B4C3AFC6ADDC5C2537D8D579 /* Pods-Example2.debug.xcconfig */;
			buildSettings = {
				ASSETCATALOG_COMPILER_APPICON_NAME = AppIcon;
				INFOPLIST_FILE = Example2/Info.plist;
				LD_RUNPATH_SEARCH_PATHS = "$(inherited) @executable_path/Frameworks";
				PRODUCT_BUNDLE_IDENTIFIER = com.edu.Example2;
				PRODUCT_NAME = "$(TARGET_NAME)";
				SWIFT_VERSION = 3.0;
			};
			name = Debug;
		};
		0A478D9D1DDC0A7E00D5437B /* Release */ = {
			isa = XCBuildConfiguration;
			baseConfigurationReference = 8793CDE3233F574167A54897 /* Pods-Example2.release.xcconfig */;
			buildSettings = {
				ASSETCATALOG_COMPILER_APPICON_NAME = AppIcon;
				INFOPLIST_FILE = Example2/Info.plist;
				LD_RUNPATH_SEARCH_PATHS = "$(inherited) @executable_path/Frameworks";
				PRODUCT_BUNDLE_IDENTIFIER = com.edu.Example2;
				PRODUCT_NAME = "$(TARGET_NAME)";
				SWIFT_VERSION = 3.0;
			};
			name = Release;
		};
/* End XCBuildConfiguration section */

/* Begin XCConfigurationList section */
		0A478D841DDC0A7E00D5437B /* Build configuration list for PBXProject "Example2" */ = {
			isa = XCConfigurationList;
			buildConfigurations = (
				0A478D991DDC0A7E00D5437B /* Debug */,
				0A478D9A1DDC0A7E00D5437B /* Release */,
			);
			defaultConfigurationIsVisible = 0;
			defaultConfigurationName = Release;
		};
		0A478D9B1DDC0A7E00D5437B /* Build configuration list for PBXNativeTarget "Example2" */ = {
			isa = XCConfigurationList;
			buildConfigurations = (
				0A478D9C1DDC0A7E00D5437B /* Debug */,
				0A478D9D1DDC0A7E00D5437B /* Release */,
			);
			defaultConfigurationIsVisible = 0;
			defaultConfigurationName = Release;
		};
/* End XCConfigurationList section */
	};
	rootObject = 0A478D811DDC0A7E00D5437B /* Project object */;
}
