// !$*UTF8*$!
{
	archiveVersion = 1;
	classes = {
	};
	objectVersion = 46;
	objects = {

/* Begin PBXBuildFile section */
		0AC7916A1DD1AD5A005FB47B /* AppDelegate.swift in Sources */ = {isa = PBXBuildFile; fileRef = 0AC791691DD1AD5A005FB47B /* AppDelegate.swift */; };
		0AC7916C1DD1AD5A005FB47B /* ViewController.swift in Sources */ = {isa = PBXBuildFile; fileRef = 0AC7916B1DD1AD5A005FB47B /* ViewController.swift */; };
		0AC7916F1DD1AD5A005FB47B /* Main.storyboard in Resources */ = {isa = PBXBuildFile; fileRef = 0AC7916D1DD1AD5A005FB47B /* Main.storyboard */; };
		0AC791711DD1AD5A005FB47B /* Assets.xcassets in Resources */ = {isa = PBXBuildFile; fileRef = 0AC791701DD1AD5A005FB47B /* Assets.xcassets */; };
		0AC791741DD1AD5A005FB47B /* LaunchScreen.storyboard in Resources */ = {isa = PBXBuildFile; fileRef = 0AC791721DD1AD5A005FB47B /* LaunchScreen.storyboard */; };
		0AC7917C1DD1D4F4005FB47B /* Fruit.swift in Sources */ = {isa = PBXBuildFile; fileRef = 0AC7917B1DD1D4F4005FB47B /* Fruit.swift */; };
		0AC7917E1DD1D736005FB47B /* DataSource.swift in Sources */ = {isa = PBXBuildFile; fileRef = 0AC7917D1DD1D735005FB47B /* DataSource.swift */; };
		0AC791821DD1E8EF005FB47B /* FruitCell.swift in Sources */ = {isa = PBXBuildFile; fileRef = 0AC791811DD1E8EF005FB47B /* FruitCell.swift */; };
		0AC791841DD1F290005FB47B /* fruits.plist in Resources */ = {isa = PBXBuildFile; fileRef = 0AC791831DD1F290005FB47B /* fruits.plist */; };
		0AC791861DD1FD2A005FB47B /* FruitsHeaderView.swift in Sources */ = {isa = PBXBuildFile; fileRef = 0AC791851DD1FD2A005FB47B /* FruitsHeaderView.swift */; };
		0AC7B0401DD2D4F4007EB104 /* DetailViewController.swift in Sources */ = {isa = PBXBuildFile; fileRef = 0AC7B03F1DD2D4F4007EB104 /* DetailViewController.swift */; };
/* End PBXBuildFile section */

/* Begin PBXFileReference section */
		0AC791661DD1AD5A005FB47B /* FruitDiet.app */ = {isa = PBXFileReference; explicitFileType = wrapper.application; includeInIndex = 0; path = FruitDiet.app; sourceTree = BUILT_PRODUCTS_DIR; };
		0AC791691DD1AD5A005FB47B /* AppDelegate.swift */ = {isa = PBXFileReference; lastKnownFileType = sourcecode.swift; path = AppDelegate.swift; sourceTree = "<group>"; };
		0AC7916B1DD1AD5A005FB47B /* ViewController.swift */ = {isa = PBXFileReference; lastKnownFileType = sourcecode.swift; path = ViewController.swift; sourceTree = "<group>"; };
		0AC7916E1DD1AD5A005FB47B /* Base */ = {isa = PBXFileReference; lastKnownFileType = file.storyboard; name = Base; path = Base.lproj/Main.storyboard; sourceTree = "<group>"; };
		0AC791701DD1AD5A005FB47B /* Assets.xcassets */ = {isa = PBXFileReference; lastKnownFileType = folder.assetcatalog; name = Assets.xcassets; path = FruitDiet/Assets.xcassets; sourceTree = "<group>"; };
		0AC791731DD1AD5A005FB47B /* Base */ = {isa = PBXFileReference; lastKnownFileType = file.storyboard; name = Base; path = Base.lproj/LaunchScreen.storyboard; sourceTree = "<group>"; };
		0AC791751DD1AD5A005FB47B /* Info.plist */ = {isa = PBXFileReference; lastKnownFileType = text.plist.xml; name = Info.plist; path = FruitDiet/Info.plist; sourceTree = "<group>"; };
		0AC7917B1DD1D4F4005FB47B /* Fruit.swift */ = {isa = PBXFileReference; fileEncoding = 4; lastKnownFileType = sourcecode.swift; path = Fruit.swift; sourceTree = "<group>"; };
		0AC7917D1DD1D735005FB47B /* DataSource.swift */ = {isa = PBXFileReference; fileEncoding = 4; lastKnownFileType = sourcecode.swift; name = DataSource.swift; path = FruitDiet/DataSource.swift; sourceTree = "<group>"; };
		0AC791811DD1E8EF005FB47B /* FruitCell.swift */ = {isa = PBXFileReference; fileEncoding = 4; lastKnownFileType = sourcecode.swift; name = FruitCell.swift; path = ../FruitCell.swift; sourceTree = "<group>"; };
		0AC791831DD1F290005FB47B /* fruits.plist */ = {isa = PBXFileReference; fileEncoding = 4; lastKnownFileType = text.plist.xml; name = fruits.plist; path = FruitDiet/fruits.plist; sourceTree = "<group>"; };
		0AC791851DD1FD2A005FB47B /* FruitsHeaderView.swift */ = {isa = PBXFileReference; fileEncoding = 4; lastKnownFileType = sourcecode.swift; path = FruitsHeaderView.swift; sourceTree = "<group>"; };
		0AC7B03F1DD2D4F4007EB104 /* DetailViewController.swift */ = {isa = PBXFileReference; fileEncoding = 4; lastKnownFileType = sourcecode.swift; path = DetailViewController.swift; sourceTree = "<group>"; };
/* End PBXFileReference section */

/* Begin PBXFrameworksBuildPhase section */
		0AC791631DD1AD5A005FB47B /* Frameworks */ = {
			isa = PBXFrameworksBuildPhase;
			buildActionMask = 2147483647;
			files = (
			);
			runOnlyForDeploymentPostprocessing = 0;
		};
/* End PBXFrameworksBuildPhase section */

/* Begin PBXGroup section */
		0AC7915D1DD1AD59005FB47B = {
			isa = PBXGroup;
			children = (
				0AC791681DD1AD5A005FB47B /* FruitDiet */,
				0AC791671DD1AD5A005FB47B /* Products */,
			);
			sourceTree = "<group>";
		};
		0AC791671DD1AD5A005FB47B /* Products */ = {
			isa = PBXGroup;
			children = (
				0AC791661DD1AD5A005FB47B /* FruitDiet.app */,
			);
			name = Products;
			sourceTree = "<group>";
		};
		0AC791681DD1AD5A005FB47B /* FruitDiet */ = {
			isa = PBXGroup;
			children = (
				0AC7B0431DD321F0007EB104 /* App */,
				0AC7B0411DD32196007EB104 /* Model */,
				0AC7B0421DD321C1007EB104 /* View */,
				0AC7B0441DD3225E007EB104 /* Controller */,
				0AC7B0451DD32331007EB104 /* DataSource */,
				0AC7B0461DD32356007EB104 /* Resources */,
			);
			path = FruitDiet;
			sourceTree = "<group>";
		};
		0AC7B0411DD32196007EB104 /* Model */ = {
			isa = PBXGroup;
			children = (
				0AC7917B1DD1D4F4005FB47B /* Fruit.swift */,
			);
			name = Model;
			sourceTree = "<group>";
		};
		0AC7B0421DD321C1007EB104 /* View */ = {
			isa = PBXGroup;
			children = (
				0AC791811DD1E8EF005FB47B /* FruitCell.swift */,
				0AC791851DD1FD2A005FB47B /* FruitsHeaderView.swift */,
			);
			name = View;
			sourceTree = "<group>";
		};
		0AC7B0431DD321F0007EB104 /* App */ = {
			isa = PBXGroup;
			children = (
				0AC791691DD1AD5A005FB47B /* AppDelegate.swift */,
			);
			name = App;
			sourceTree = "<group>";
		};
		0AC7B0441DD3225E007EB104 /* Controller */ = {
			isa = PBXGroup;
			children = (
				0AC7B03F1DD2D4F4007EB104 /* DetailViewController.swift */,
				0AC7916B1DD1AD5A005FB47B /* ViewController.swift */,
			);
			name = Controller;
			sourceTree = "<group>";
		};
		0AC7B0451DD32331007EB104 /* DataSource */ = {
			isa = PBXGroup;
			children = (
				0AC7917D1DD1D735005FB47B /* DataSource.swift */,
			);
			name = DataSource;
			path = ..;
			sourceTree = "<group>";
		};
		0AC7B0461DD32356007EB104 /* Resources */ = {
			isa = PBXGroup;
			children = (
				0AC791831DD1F290005FB47B /* fruits.plist */,
				0AC791751DD1AD5A005FB47B /* Info.plist */,
				0AC791721DD1AD5A005FB47B /* LaunchScreen.storyboard */,
				0AC791701DD1AD5A005FB47B /* Assets.xcassets */,
				0AC7916D1DD1AD5A005FB47B /* Main.storyboard */,
			);
			name = Resources;
			path = ..;
			sourceTree = "<group>";
		};
/* End PBXGroup section */

/* Begin PBXNativeTarget section */
		0AC791651DD1AD5A005FB47B /* FruitDiet */ = {
			isa = PBXNativeTarget;
			buildConfigurationList = 0AC791781DD1AD5A005FB47B /* Build configuration list for PBXNativeTarget "FruitDiet" */;
			buildPhases = (
				0AC791621DD1AD5A005FB47B /* Sources */,
				0AC791631DD1AD5A005FB47B /* Frameworks */,
				0AC791641DD1AD5A005FB47B /* Resources */,
			);
			buildRules = (
			);
			dependencies = (
			);
			name = FruitDiet;
			productName = FruitDiet;
			productReference = 0AC791661DD1AD5A005FB47B /* FruitDiet.app */;
			productType = "com.apple.product-type.application";
		};
/* End PBXNativeTarget section */

/* Begin PBXProject section */
		0AC7915E1DD1AD59005FB47B /* Project object */ = {
			isa = PBXProject;
			attributes = {
				LastSwiftUpdateCheck = 0730;
				LastUpgradeCheck = 0730;
				ORGANIZATIONNAME = "BridgeLabz Solutions LLP";
				TargetAttributes = {
					0AC791651DD1AD5A005FB47B = {
						CreatedOnToolsVersion = 7.3.1;
					};
				};
			};
			buildConfigurationList = 0AC791611DD1AD59005FB47B /* Build configuration list for PBXProject "FruitDiet" */;
			compatibilityVersion = "Xcode 3.2";
			developmentRegion = English;
			hasScannedForEncodings = 0;
			knownRegions = (
				en,
				Base,
			);
			mainGroup = 0AC7915D1DD1AD59005FB47B;
			productRefGroup = 0AC791671DD1AD5A005FB47B /* Products */;
			projectDirPath = "";
			projectRoot = "";
			targets = (
				0AC791651DD1AD5A005FB47B /* FruitDiet */,
			);
		};
/* End PBXProject section */

/* Begin PBXResourcesBuildPhase section */
		0AC791641DD1AD5A005FB47B /* Resources */ = {
			isa = PBXResourcesBuildPhase;
			buildActionMask = 2147483647;
			files = (
				0AC791741DD1AD5A005FB47B /* LaunchScreen.storyboard in Resources */,
				0AC791711DD1AD5A005FB47B /* Assets.xcassets in Resources */,
				0AC7916F1DD1AD5A005FB47B /* Main.storyboard in Resources */,
				0AC791841DD1F290005FB47B /* fruits.plist in Resources */,
			);
			runOnlyForDeploymentPostprocessing = 0;
		};
/* End PBXResourcesBuildPhase section */

/* Begin PBXSourcesBuildPhase section */
		0AC791621DD1AD5A005FB47B /* Sources */ = {
			isa = PBXSourcesBuildPhase;
			buildActionMask = 2147483647;
			files = (
				0AC7917C1DD1D4F4005FB47B /* Fruit.swift in Sources */,
				0AC791821DD1E8EF005FB47B /* FruitCell.swift in Sources */,
				0AC7916C1DD1AD5A005FB47B /* ViewController.swift in Sources */,
				0AC7917E1DD1D736005FB47B /* DataSource.swift in Sources */,
				0AC791861DD1FD2A005FB47B /* FruitsHeaderView.swift in Sources */,
				0AC7916A1DD1AD5A005FB47B /* AppDelegate.swift in Sources */,
				0AC7B0401DD2D4F4007EB104 /* DetailViewController.swift in Sources */,
			);
			runOnlyForDeploymentPostprocessing = 0;
		};
/* End PBXSourcesBuildPhase section */

/* Begin PBXVariantGroup section */
		0AC7916D1DD1AD5A005FB47B /* Main.storyboard */ = {
			isa = PBXVariantGroup;
			children = (
				0AC7916E1DD1AD5A005FB47B /* Base */,
			);
			name = Main.storyboard;
			path = FruitDiet;
			sourceTree = "<group>";
		};
		0AC791721DD1AD5A005FB47B /* LaunchScreen.storyboard */ = {
			isa = PBXVariantGroup;
			children = (
				0AC791731DD1AD5A005FB47B /* Base */,
			);
			name = LaunchScreen.storyboard;
			path = FruitDiet;
			sourceTree = "<group>";
		};
/* End PBXVariantGroup section */

/* Begin XCBuildConfiguration section */
		0AC791761DD1AD5A005FB47B /* Debug */ = {
			isa = XCBuildConfiguration;
			buildSettings = {
				ALWAYS_SEARCH_USER_PATHS = NO;
				CLANG_ANALYZER_NONNULL = YES;
				CLANG_CXX_LANGUAGE_STANDARD = "gnu++0x";
				CLANG_CXX_LIBRARY = "libc++";
				CLANG_ENABLE_MODULES = YES;
				CLANG_ENABLE_OBJC_ARC = YES;
				CLANG_WARN_BOOL_CONVERSION = YES;
				CLANG_WARN_CONSTANT_CONVERSION = YES;
				CLANG_WARN_DIRECT_OBJC_ISA_USAGE = YES_ERROR;
				CLANG_WARN_EMPTY_BODY = YES;
				CLANG_WARN_ENUM_CONVERSION = YES;
				CLANG_WARN_INT_CONVERSION = YES;
				CLANG_WARN_OBJC_ROOT_CLASS = YES_ERROR;
				CLANG_WARN_UNREACHABLE_CODE = YES;
				CLANG_WARN__DUPLICATE_METHOD_MATCH = YES;
				"CODE_SIGN_IDENTITY[sdk=iphoneos*]" = "iPhone Developer";
				COPY_PHASE_STRIP = NO;
				DEBUG_INFORMATION_FORMAT = dwarf;
				ENABLE_STRICT_OBJC_MSGSEND = YES;
				ENABLE_TESTABILITY = YES;
				GCC_C_LANGUAGE_STANDARD = gnu99;
				GCC_DYNAMIC_NO_PIC = NO;
				GCC_NO_COMMON_BLOCKS = YES;
				GCC_OPTIMIZATION_LEVEL = 0;
				GCC_PREPROCESSOR_DEFINITIONS = (
					"DEBUG=1",
					"$(inherited)",
				);
				GCC_WARN_64_TO_32_BIT_CONVERSION = YES;
				GCC_WARN_ABOUT_RETURN_TYPE = YES_ERROR;
				GCC_WARN_UNDECLARED_SELECTOR = YES;
				GCC_WARN_UNINITIALIZED_AUTOS = YES_AGGRESSIVE;
				GCC_WARN_UNUSED_FUNCTION = YES;
				GCC_WARN_UNUSED_VARIABLE = YES;
				IPHONEOS_DEPLOYMENT_TARGET = 9.3;
				MTL_ENABLE_DEBUG_INFO = YES;
				ONLY_ACTIVE_ARCH = YES;
				SDKROOT = iphoneos;
				SWIFT_OPTIMIZATION_LEVEL = "-Onone";
				TARGETED_DEVICE_FAMILY = "1,2";
			};
			name = Debug;
		};
		0AC791771DD1AD5A005FB47B /* Release */ = {
			isa = XCBuildConfiguration;
			buildSettings = {
				ALWAYS_SEARCH_USER_PATHS = NO;
				CLANG_ANALYZER_NONNULL = YES;
				CLANG_CXX_LANGUAGE_STANDARD = "gnu++0x";
				CLANG_CXX_LIBRARY = "libc++";
				CLANG_ENABLE_MODULES = YES;
				CLANG_ENABLE_OBJC_ARC = YES;
				CLANG_WARN_BOOL_CONVERSION = YES;
				CLANG_WARN_CONSTANT_CONVERSION = YES;
				CLANG_WARN_DIRECT_OBJC_ISA_USAGE = YES_ERROR;
				CLANG_WARN_EMPTY_BODY = YES;
				CLANG_WARN_ENUM_CONVERSION = YES;
				CLANG_WARN_INT_CONVERSION = YES;
				CLANG_WARN_OBJC_ROOT_CLASS = YES_ERROR;
				CLANG_WARN_UNREACHABLE_CODE = YES;
				CLANG_WARN__DUPLICATE_METHOD_MATCH = YES;
				"CODE_SIGN_IDENTITY[sdk=iphoneos*]" = "iPhone Developer";
				COPY_PHASE_STRIP = NO;
				DEBUG_INFORMATION_FORMAT = "dwarf-with-dsym";
				ENABLE_NS_ASSERTIONS = NO;
				ENABLE_STRICT_OBJC_MSGSEND = YES;
				GCC_C_LANGUAGE_STANDARD = gnu99;
				GCC_NO_COMMON_BLOCKS = YES;
				GCC_WARN_64_TO_32_BIT_CONVERSION = YES;
				GCC_WARN_ABOUT_RETURN_TYPE = YES_ERROR;
				GCC_WARN_UNDECLARED_SELECTOR = YES;
				GCC_WARN_UNINITIALIZED_AUTOS = YES_AGGRESSIVE;
				GCC_WARN_UNUSED_FUNCTION = YES;
				GCC_WARN_UNUSED_VARIABLE = YES;
				IPHONEOS_DEPLOYMENT_TARGET = 9.3;
				MTL_ENABLE_DEBUG_INFO = NO;
				SDKROOT = iphoneos;
				TARGETED_DEVICE_FAMILY = "1,2";
				VALIDATE_PRODUCT = YES;
			};
			name = Release;
		};
		0AC791791DD1AD5A005FB47B /* Debug */ = {
			isa = XCBuildConfiguration;
			buildSettings = {
				ASSETCATALOG_COMPILER_APPICON_NAME = AppIcon;
				INFOPLIST_FILE = FruitDiet/Info.plist;
				LD_RUNPATH_SEARCH_PATHS = "$(inherited) @executable_path/Frameworks";
				PRODUCT_BUNDLE_IDENTIFIER = com.edu.FruitDiet;
				PRODUCT_NAME = "$(TARGET_NAME)";
			};
			name = Debug;
		};
		0AC7917A1DD1AD5A005FB47B /* Release */ = {
			isa = XCBuildConfiguration;
			buildSettings = {
				ASSETCATALOG_COMPILER_APPICON_NAME = AppIcon;
				INFOPLIST_FILE = FruitDiet/Info.plist;
				LD_RUNPATH_SEARCH_PATHS = "$(inherited) @executable_path/Frameworks";
				PRODUCT_BUNDLE_IDENTIFIER = com.edu.FruitDiet;
				PRODUCT_NAME = "$(TARGET_NAME)";
			};
			name = Release;
		};
/* End XCBuildConfiguration section */

/* Begin XCConfigurationList section */
		0AC791611DD1AD59005FB47B /* Build configuration list for PBXProject "FruitDiet" */ = {
			isa = XCConfigurationList;
			buildConfigurations = (
				0AC791761DD1AD5A005FB47B /* Debug */,
				0AC791771DD1AD5A005FB47B /* Release */,
			);
			defaultConfigurationIsVisible = 0;
			defaultConfigurationName = Release;
		};
		0AC791781DD1AD5A005FB47B /* Build configuration list for PBXNativeTarget "FruitDiet" */ = {
			isa = XCConfigurationList;
			buildConfigurations = (
				0AC791791DD1AD5A005FB47B /* Debug */,
				0AC7917A1DD1AD5A005FB47B /* Release */,
			);
			defaultConfigurationIsVisible = 0;
			defaultConfigurationName = Release;
		};
/* End XCConfigurationList section */
	};
	rootObject = 0AC7915E1DD1AD59005FB47B /* Project object */;
}
