// !$*UTF8*$!
{
	archiveVersion = 1;
	classes = {
	};
	objectVersion = 46;
	objects = {

/* Begin PBXBuildFile section */
		0A405B011DD0AE55007D1413 /* AppDelegate.swift in Sources */ = {isa = PBXBuildFile; fileRef = 0A405B001DD0AE55007D1413 /* AppDelegate.swift */; };
		0A405B031DD0AE55007D1413 /* ViewController.swift in Sources */ = {isa = PBXBuildFile; fileRef = 0A405B021DD0AE55007D1413 /* ViewController.swift */; };
		0A405B061DD0AE55007D1413 /* Main.storyboard in Resources */ = {isa = PBXBuildFile; fileRef = 0A405B041DD0AE55007D1413 /* Main.storyboard */; };
		0A405B081DD0AE55007D1413 /* Assets.xcassets in Resources */ = {isa = PBXBuildFile; fileRef = 0A405B071DD0AE55007D1413 /* Assets.xcassets */; };
		0A405B0B1DD0AE55007D1413 /* LaunchScreen.storyboard in Resources */ = {isa = PBXBuildFile; fileRef = 0A405B091DD0AE55007D1413 /* LaunchScreen.storyboard */; };
/* End PBXBuildFile section */

/* Begin PBXFileReference section */
		0A405AFD1DD0AE55007D1413 /* UIWebViewExample.app */ = {isa = PBXFileReference; explicitFileType = wrapper.application; includeInIndex = 0; path = UIWebViewExample.app; sourceTree = BUILT_PRODUCTS_DIR; };
		0A405B001DD0AE55007D1413 /* AppDelegate.swift */ = {isa = PBXFileReference; lastKnownFileType = sourcecode.swift; path = AppDelegate.swift; sourceTree = "<group>"; };
		0A405B021DD0AE55007D1413 /* ViewController.swift */ = {isa = PBXFileReference; lastKnownFileType = sourcecode.swift; path = ViewController.swift; sourceTree = "<group>"; };
		0A405B051DD0AE55007D1413 /* Base */ = {isa = PBXFileReference; lastKnownFileType = file.storyboard; name = Base; path = Base.lproj/Main.storyboard; sourceTree = "<group>"; };
		0A405B071DD0AE55007D1413 /* Assets.xcassets */ = {isa = PBXFileReference; lastKnownFileType = folder.assetcatalog; path = Assets.xcassets; sourceTree = "<group>"; };
		0A405B0A1DD0AE55007D1413 /* Base */ = {isa = PBXFileReference; lastKnownFileType = file.storyboard; name = Base; path = Base.lproj/LaunchScreen.storyboard; sourceTree = "<group>"; };
		0A405B0C1DD0AE55007D1413 /* Info.plist */ = {isa = PBXFileReference; lastKnownFileType = text.plist.xml; path = Info.plist; sourceTree = "<group>"; };
/* End PBXFileReference section */

/* Begin PBXFrameworksBuildPhase section */
		0A405AFA1DD0AE55007D1413 /* Frameworks */ = {
			isa = PBXFrameworksBuildPhase;
			buildActionMask = 2147483647;
			files = (
			);
			runOnlyForDeploymentPostprocessing = 0;
		};
/* End PBXFrameworksBuildPhase section */

/* Begin PBXGroup section */
		0A405AF41DD0AE55007D1413 = {
			isa = PBXGroup;
			children = (
				0A405AFF1DD0AE55007D1413 /* UIWebViewExample */,
				0A405AFE1DD0AE55007D1413 /* Products */,
			);
			sourceTree = "<group>";
		};
		0A405AFE1DD0AE55007D1413 /* Products */ = {
			isa = PBXGroup;
			children = (
				0A405AFD1DD0AE55007D1413 /* UIWebViewExample.app */,
			);
			name = Products;
			sourceTree = "<group>";
		};
		0A405AFF1DD0AE55007D1413 /* UIWebViewExample */ = {
			isa = PBXGroup;
			children = (
				0AC7B04E1DD3319B007EB104 /* App */,
				0AC7B04F1DD331BD007EB104 /* Controller */,
				0AC7B0501DD33257007EB104 /* Resource */,
			);
			path = UIWebViewExample;
			sourceTree = "<group>";
		};
		0AC7B04E1DD3319B007EB104 /* App */ = {
			isa = PBXGroup;
			children = (
				0A405B001DD0AE55007D1413 /* AppDelegate.swift */,
			);
			name = App;
			sourceTree = "<group>";
		};
		0AC7B04F1DD331BD007EB104 /* Controller */ = {
			isa = PBXGroup;
			children = (
				0A405B021DD0AE55007D1413 /* ViewController.swift */,
			);
			name = Controller;
			sourceTree = "<group>";
		};
		0AC7B0501DD33257007EB104 /* Resource */ = {
			isa = PBXGroup;
			children = (
				0A405B0C1DD0AE55007D1413 /* Info.plist */,
				0A405B041DD0AE55007D1413 /* Main.storyboard */,
				0A405B071DD0AE55007D1413 /* Assets.xcassets */,
				0A405B091DD0AE55007D1413 /* LaunchScreen.storyboard */,
			);
			name = Resource;
			sourceTree = "<group>";
		};
/* End PBXGroup section */

/* Begin PBXNativeTarget section */
		0A405AFC1DD0AE55007D1413 /* UIWebViewExample */ = {
			isa = PBXNativeTarget;
			buildConfigurationList = 0A405B0F1DD0AE55007D1413 /* Build configuration list for PBXNativeTarget "UIWebViewExample" */;
			buildPhases = (
				0A405AF91DD0AE55007D1413 /* Sources */,
				0A405AFA1DD0AE55007D1413 /* Frameworks */,
				0A405AFB1DD0AE55007D1413 /* Resources */,
			);
			buildRules = (
			);
			dependencies = (
			);
			name = UIWebViewExample;
			productName = UIWebViewExample;
			productReference = 0A405AFD1DD0AE55007D1413 /* UIWebViewExample.app */;
			productType = "com.apple.product-type.application";
		};
/* End PBXNativeTarget section */

/* Begin PBXProject section */
		0A405AF51DD0AE55007D1413 /* Project object */ = {
			isa = PBXProject;
			attributes = {
				LastSwiftUpdateCheck = 0730;
				LastUpgradeCheck = 0730;
				ORGANIZATIONNAME = "BridgeLabz Solutions LLP";
				TargetAttributes = {
					0A405AFC1DD0AE55007D1413 = {
						CreatedOnToolsVersion = 7.3.1;
					};
				};
			};
			buildConfigurationList = 0A405AF81DD0AE55007D1413 /* Build configuration list for PBXProject "UIWebViewExample" */;
			compatibilityVersion = "Xcode 3.2";
			developmentRegion = English;
			hasScannedForEncodings = 0;
			knownRegions = (
				en,
				Base,
			);
			mainGroup = 0A405AF41DD0AE55007D1413;
			productRefGroup = 0A405AFE1DD0AE55007D1413 /* Products */;
			projectDirPath = "";
			projectRoot = "";
			targets = (
				0A405AFC1DD0AE55007D1413 /* UIWebViewExample */,
			);
		};
/* End PBXProject section */

/* Begin PBXResourcesBuildPhase section */
		0A405AFB1DD0AE55007D1413 /* Resources */ = {
			isa = PBXResourcesBuildPhase;
			buildActionMask = 2147483647;
			files = (
				0A405B0B1DD0AE55007D1413 /* LaunchScreen.storyboard in Resources */,
				0A405B081DD0AE55007D1413 /* Assets.xcassets in Resources */,
				0A405B061DD0AE55007D1413 /* Main.storyboard in Resources */,
			);
			runOnlyForDeploymentPostprocessing = 0;
		};
/* End PBXResourcesBuildPhase section */

/* Begin PBXSourcesBuildPhase section */
		0A405AF91DD0AE55007D1413 /* Sources */ = {
			isa = PBXSourcesBuildPhase;
			buildActionMask = 2147483647;
			files = (
				0A405B031DD0AE55007D1413 /* ViewController.swift in Sources */,
				0A405B011DD0AE55007D1413 /* AppDelegate.swift in Sources */,
			);
			runOnlyForDeploymentPostprocessing = 0;
		};
/* End PBXSourcesBuildPhase section */

/* Begin PBXVariantGroup section */
		0A405B041DD0AE55007D1413 /* Main.storyboard */ = {
			isa = PBXVariantGroup;
			children = (
				0A405B051DD0AE55007D1413 /* Base */,
			);
			name = Main.storyboard;
			sourceTree = "<group>";
		};
		0A405B091DD0AE55007D1413 /* LaunchScreen.storyboard */ = {
			isa = PBXVariantGroup;
			children = (
				0A405B0A1DD0AE55007D1413 /* Base */,
			);
			name = LaunchScreen.storyboard;
			sourceTree = "<group>";
		};
/* End PBXVariantGroup section */

/* Begin XCBuildConfiguration section */
		0A405B0D1DD0AE55007D1413 /* Debug */ = {
			isa = XCBuildConfiguration;
			buildSettings = {
				ALWAYS_SEARCH_USER_PATHS = NO;
				CLANG_ANALYZER_NONNULL = YES;
				CLANG_CXX_LANGUAGE_STANDARD = "gnu++0x";
				CLANG_CXX_LIBRARY = "libc++";
				CLANG_ENABLE_MODULES = YES;
				CLANG_ENABLE_OBJC_ARC = YES;
				CLANG_WARN_BOOL_CONVERSION = YES;
				CLANG_WARN_CONSTANT_CONVERSION = YES;
				CLANG_WARN_DIRECT_OBJC_ISA_USAGE = YES_ERROR;
				CLANG_WARN_EMPTY_BODY = YES;
				CLANG_WARN_ENUM_CONVERSION = YES;
				CLANG_WARN_INT_CONVERSION = YES;
				CLANG_WARN_OBJC_ROOT_CLASS = YES_ERROR;
				CLANG_WARN_UNREACHABLE_CODE = YES;
				CLANG_WARN__DUPLICATE_METHOD_MATCH = YES;
				"CODE_SIGN_IDENTITY[sdk=iphoneos*]" = "iPhone Developer";
				COPY_PHASE_STRIP = NO;
				DEBUG_INFORMATION_FORMAT = dwarf;
				ENABLE_STRICT_OBJC_MSGSEND = YES;
				ENABLE_TESTABILITY = YES;
				GCC_C_LANGUAGE_STANDARD = gnu99;
				GCC_DYNAMIC_NO_PIC = NO;
				GCC_NO_COMMON_BLOCKS = YES;
				GCC_OPTIMIZATION_LEVEL = 0;
				GCC_PREPROCESSOR_DEFINITIONS = (
					"DEBUG=1",
					"$(inherited)",
				);
				GCC_WARN_64_TO_32_BIT_CONVERSION = YES;
				GCC_WARN_ABOUT_RETURN_TYPE = YES_ERROR;
				GCC_WARN_UNDECLARED_SELECTOR = YES;
				GCC_WARN_UNINITIALIZED_AUTOS = YES_AGGRESSIVE;
				GCC_WARN_UNUSED_FUNCTION = YES;
				GCC_WARN_UNUSED_VARIABLE = YES;
				IPHONEOS_DEPLOYMENT_TARGET = 9.3;
				MTL_ENABLE_DEBUG_INFO = YES;
				ONLY_ACTIVE_ARCH = YES;
				SDKROOT = iphoneos;
				SWIFT_OPTIMIZATION_LEVEL = "-Onone";
				TARGETED_DEVICE_FAMILY = "1,2";
			};
			name = Debug;
		};
		0A405B0E1DD0AE55007D1413 /* Release */ = {
			isa = XCBuildConfiguration;
			buildSettings = {
				ALWAYS_SEARCH_USER_PATHS = NO;
				CLANG_ANALYZER_NONNULL = YES;
				CLANG_CXX_LANGUAGE_STANDARD = "gnu++0x";
				CLANG_CXX_LIBRARY = "libc++";
				CLANG_ENABLE_MODULES = YES;
				CLANG_ENABLE_OBJC_ARC = YES;
				CLANG_WARN_BOOL_CONVERSION = YES;
				CLANG_WARN_CONSTANT_CONVERSION = YES;
				CLANG_WARN_DIRECT_OBJC_ISA_USAGE = YES_ERROR;
				CLANG_WARN_EMPTY_BODY = YES;
				CLANG_WARN_ENUM_CONVERSION = YES;
				CLANG_WARN_INT_CONVERSION = YES;
				CLANG_WARN_OBJC_ROOT_CLASS = YES_ERROR;
				CLANG_WARN_UNREACHABLE_CODE = YES;
				CLANG_WARN__DUPLICATE_METHOD_MATCH = YES;
				"CODE_SIGN_IDENTITY[sdk=iphoneos*]" = "iPhone Developer";
				COPY_PHASE_STRIP = NO;
				DEBUG_INFORMATION_FORMAT = "dwarf-with-dsym";
				ENABLE_NS_ASSERTIONS = NO;
				ENABLE_STRICT_OBJC_MSGSEND = YES;
				GCC_C_LANGUAGE_STANDARD = gnu99;
				GCC_NO_COMMON_BLOCKS = YES;
				GCC_WARN_64_TO_32_BIT_CONVERSION = YES;
				GCC_WARN_ABOUT_RETURN_TYPE = YES_ERROR;
				GCC_WARN_UNDECLARED_SELECTOR = YES;
				GCC_WARN_UNINITIALIZED_AUTOS = YES_AGGRESSIVE;
				GCC_WARN_UNUSED_FUNCTION = YES;
				GCC_WARN_UNUSED_VARIABLE = YES;
				IPHONEOS_DEPLOYMENT_TARGET = 9.3;
				MTL_ENABLE_DEBUG_INFO = NO;
				SDKROOT = iphoneos;
				TARGETED_DEVICE_FAMILY = "1,2";
				VALIDATE_PRODUCT = YES;
			};
			name = Release;
		};
		0A405B101DD0AE55007D1413 /* Debug */ = {
			isa = XCBuildConfiguration;
			buildSettings = {
				ASSETCATALOG_COMPILER_APPICON_NAME = AppIcon;
				INFOPLIST_FILE = UIWebViewExample/Info.plist;
				LD_RUNPATH_SEARCH_PATHS = "$(inherited) @executable_path/Frameworks";
				PRODUCT_BUNDLE_IDENTIFIER = com.edu.UIWebViewExample;
				PRODUCT_NAME = "$(TARGET_NAME)";
			};
			name = Debug;
		};
		0A405B111DD0AE55007D1413 /* Release */ = {
			isa = XCBuildConfiguration;
			buildSettings = {
				ASSETCATALOG_COMPILER_APPICON_NAME = AppIcon;
				INFOPLIST_FILE = UIWebViewExample/Info.plist;
				LD_RUNPATH_SEARCH_PATHS = "$(inherited) @executable_path/Frameworks";
				PRODUCT_BUNDLE_IDENTIFIER = com.edu.UIWebViewExample;
				PRODUCT_NAME = "$(TARGET_NAME)";
			};
			name = Release;
		};
/* End XCBuildConfiguration section */

/* Begin XCConfigurationList section */
		0A405AF81DD0AE55007D1413 /* Build configuration list for PBXProject "UIWebViewExample" */ = {
			isa = XCConfigurationList;
			buildConfigurations = (
				0A405B0D1DD0AE55007D1413 /* Debug */,
				0A405B0E1DD0AE55007D1413 /* Release */,
			);
			defaultConfigurationIsVisible = 0;
			defaultConfigurationName = Release;
		};
		0A405B0F1DD0AE55007D1413 /* Build configuration list for PBXNativeTarget "UIWebViewExample" */ = {
			isa = XCConfigurationList;
			buildConfigurations = (
				0A405B101DD0AE55007D1413 /* Debug */,
				0A405B111DD0AE55007D1413 /* Release */,
			);
			defaultConfigurationIsVisible = 0;
			defaultConfigurationName = Release;
		};
/* End XCConfigurationList section */
	};
	rootObject = 0A405AF51DD0AE55007D1413 /* Project object */;
}
